
Microsoft Visual Studio Solution File, Format Version 12.00
# Visual Studio Version 16
VisualStudioVersion = 16.0.31005.135
MinimumVisualStudioVersion = 10.0.40219.1
Project("{9A19103F-16F7-4668-BE54-9A1E7A4F7556}") = "BC_IS413_Assignment8", "BC_IS413_Assignment8.csproj", "{D3C4441E-950B-432F-9086-21C795F6D4ED}"
EndProject
Global
	GlobalSection(SolutionConfigurationPlatforms) = preSolution
		Debug|Any CPU = Debug|Any CPU
		Release|Any CPU = Release|Any CPU
	EndGlobalSection
	GlobalSection(ProjectConfigurationPlatforms) = postSolution
		{D3C4441E-950B-432F-9086-21C795F6D4ED}.Debug|Any CPU.ActiveCfg = Debug|Any CPU
		{D3C4441E-950B-432F-9086-21C795F6D4ED}.Debug|Any CPU.Build.0 = Debug|Any CPU
		{D3C4441E-950B-432F-9086-21C795F6D4ED}.Release|Any CPU.ActiveCfg = Release|Any CPU
		{D3C4441E-950B-432F-9086-21C795F6D4ED}.Release|Any CPU.Build.0 = Release|Any CPU
	EndGlobalSection
	GlobalSection(SolutionProperties) = preSolution
		HideSolutionNode = FALSE
	EndGlobalSection
	GlobalSection(ExtensibilityGlobals) = postSolution
		SolutionGuid = {BEDBAB42-4F82-4F41-AEB0-D88983A17F76}
	EndGlobalSection
EndGlobal
